
Microsoft Visual Studio Solution File, Format Version 12.00
# Visual Studio Version 16
VisualStudioVersion = 16.0.29230.47
MinimumVisualStudioVersion = 10.0.40219.1
Project("{FAE04EC0-301F-11D3-BF4B-00C04F79EFBC}") = "AirplaneBook", "AirplaneBook.csproj", "{1B61D3EB-6401-4044-8100-B8CE4B6E04F4}"
EndProject
Global
	GlobalSection(SolutionConfigurationPlatforms) = preSolution
		Debug|Any CPU = Debug|Any CPU
		Release|Any CPU = Release|Any CPU
	EndGlobalSection
	GlobalSection(ProjectConfigurationPlatforms) = postSolution
		{1B61D3EB-6401-4044-8100-B8CE4B6E04F4}.Debug|Any CPU.ActiveCfg = Debug|Any CPU
		{1B61D3EB-6401-4044-8100-B8CE4B6E04F4}.Debug|Any CPU.Build.0 = Debug|Any CPU
		{1B61D3EB-6401-4044-8100-B8CE4B6E04F4}.Release|Any CPU.ActiveCfg = Release|Any CPU
		{1B61D3EB-6401-4044-8100-B8CE4B6E04F4}.Release|Any CPU.Build.0 = Release|Any CPU
	EndGlobalSection
	GlobalSection(SolutionProperties) = preSolution
		HideSolutionNode = FALSE
	EndGlobalSection
	GlobalSection(ExtensibilityGlobals) = postSolution
		SolutionGuid = {D3A7A45B-B88C-4309-915D-8FA61ED26D15}
	EndGlobalSection
EndGlobal
